
Microsoft Visual Studio Solution File, Format Version 12.00
Project("{2150E333-8FDC-42A3-9474-1A3956D46DE8}") = "src", "src", "{832268ED-1060-40DB-8A34-A5A7AA86D3D3}"
EndProject
Project("{2150E333-8FDC-42A3-9474-1A3956D46DE8}") = "Runners", "Runners", "{CF624728-F210-4CD4-8045-993848C16B50}"
EndProject
Project("{2150E333-8FDC-42A3-9474-1A3956D46DE8}") = "Modules", "Modules", "{016B1F4C-DCAB-4BFF-A544-1EA5DF897225}"
EndProject
Project("{FAE04EC0-301F-11D3-BF4B-00C04F79EFBC}") = "MistTrader.DataParsers", "src\Modules\MistTrader.DataParsers\MistTrader.DataParsers.csproj", "{C503155E-3C45-423F-9B91-4D3C567E8ED0}"
EndProject
Project("{2150E333-8FDC-42A3-9474-1A3956D46DE8}") = "tests", "tests", "{AF506F72-D5BC-463E-8325-EA68361F89BC}"
EndProject
Project("{FAE04EC0-301F-11D3-BF4B-00C04F79EFBC}") = "MistTrader.DataParsers.Tests", "tests\MistTrader.DataParsers.Tests\MistTrader.DataParsers.Tests.csproj", "{674B8815-21CA-4C43-A532-9EF984D893E7}"
EndProject
Project("{2150E333-8FDC-42A3-9474-1A3956D46DE8}") = "Benchmarks", "Benchmarks", "{22C3E71A-7FDA-4B8F-9496-DD08B2AD20AE}"
EndProject
Project("{FAE04EC0-301F-11D3-BF4B-00C04F79EFBC}") = "MistTrader.Benchmarks", "src\Benchmarks\MistTrader.Benchmarks\MistTrader.Benchmarks.csproj", "{FFA565EE-2FBE-4E7D-9E08-6998C6D624AB}"
EndProject
Project("{FAE04EC0-301F-11D3-BF4B-00C04F79EFBC}") = "MistTrader.Cli", "src\Runners\MistTrader.Cli\MistTrader.Cli.csproj", "{04DB5C07-19E1-455C-9D34-D966039FCB18}"
EndProject
Global
	GlobalSection(SolutionConfigurationPlatforms) = preSolution
		Debug|Any CPU = Debug|Any CPU
		Release|Any CPU = Release|Any CPU
	EndGlobalSection
	GlobalSection(ProjectConfigurationPlatforms) = postSolution
		{C503155E-3C45-423F-9B91-4D3C567E8ED0}.Debug|Any CPU.ActiveCfg = Debug|Any CPU
		{C503155E-3C45-423F-9B91-4D3C567E8ED0}.Debug|Any CPU.Build.0 = Debug|Any CPU
		{C503155E-3C45-423F-9B91-4D3C567E8ED0}.Release|Any CPU.ActiveCfg = Release|Any CPU
		{C503155E-3C45-423F-9B91-4D3C567E8ED0}.Release|Any CPU.Build.0 = Release|Any CPU
		{674B8815-21CA-4C43-A532-9EF984D893E7}.Debug|Any CPU.ActiveCfg = Debug|Any CPU
		{674B8815-21CA-4C43-A532-9EF984D893E7}.Debug|Any CPU.Build.0 = Debug|Any CPU
		{674B8815-21CA-4C43-A532-9EF984D893E7}.Release|Any CPU.ActiveCfg = Release|Any CPU
		{674B8815-21CA-4C43-A532-9EF984D893E7}.Release|Any CPU.Build.0 = Release|Any CPU
		{FFA565EE-2FBE-4E7D-9E08-6998C6D624AB}.Debug|Any CPU.ActiveCfg = Debug|Any CPU
		{FFA565EE-2FBE-4E7D-9E08-6998C6D624AB}.Debug|Any CPU.Build.0 = Debug|Any CPU
		{FFA565EE-2FBE-4E7D-9E08-6998C6D624AB}.Release|Any CPU.ActiveCfg = Release|Any CPU
		{FFA565EE-2FBE-4E7D-9E08-6998C6D624AB}.Release|Any CPU.Build.0 = Release|Any CPU
		{04DB5C07-19E1-455C-9D34-D966039FCB18}.Debug|Any CPU.ActiveCfg = Debug|Any CPU
		{04DB5C07-19E1-455C-9D34-D966039FCB18}.Debug|Any CPU.Build.0 = Debug|Any CPU
		{04DB5C07-19E1-455C-9D34-D966039FCB18}.Release|Any CPU.ActiveCfg = Release|Any CPU
		{04DB5C07-19E1-455C-9D34-D966039FCB18}.Release|Any CPU.Build.0 = Release|Any CPU
	EndGlobalSection
	GlobalSection(NestedProjects) = preSolution
		{CF624728-F210-4CD4-8045-993848C16B50} = {832268ED-1060-40DB-8A34-A5A7AA86D3D3}
		{016B1F4C-DCAB-4BFF-A544-1EA5DF897225} = {832268ED-1060-40DB-8A34-A5A7AA86D3D3}
		{C503155E-3C45-423F-9B91-4D3C567E8ED0} = {016B1F4C-DCAB-4BFF-A544-1EA5DF897225}
		{674B8815-21CA-4C43-A532-9EF984D893E7} = {AF506F72-D5BC-463E-8325-EA68361F89BC}
		{22C3E71A-7FDA-4B8F-9496-DD08B2AD20AE} = {832268ED-1060-40DB-8A34-A5A7AA86D3D3}
		{FFA565EE-2FBE-4E7D-9E08-6998C6D624AB} = {22C3E71A-7FDA-4B8F-9496-DD08B2AD20AE}
		{04DB5C07-19E1-455C-9D34-D966039FCB18} = {CF624728-F210-4CD4-8045-993848C16B50}
	EndGlobalSection
EndGlobal
